
Microsoft Visual Studio Solution File, Format Version 12.00
# Visual Studio Version 17
VisualStudioVersion = 17.0.32112.339
MinimumVisualStudioVersion = 10.0.40219.1
Project("{FAE04EC0-301F-11D3-BF4B-00C04F79EFBC}") = "ConsoleCalculator", "ConsoleCalculator.csproj", "{E7B794FE-63B5-4DCD-AED3-C22632F1E9F0}"
EndProject
Global
	GlobalSection(SolutionConfigurationPlatforms) = preSolution
		Debug|Any CPU = Debug|Any CPU
		Release|Any CPU = Release|Any CPU
	EndGlobalSection
	GlobalSection(ProjectConfigurationPlatforms) = postSolution
		{E7B794FE-63B5-4DCD-AED3-C22632F1E9F0}.Debug|Any CPU.ActiveCfg = Debug|Any CPU
		{E7B794FE-63B5-4DCD-AED3-C22632F1E9F0}.Debug|Any CPU.Build.0 = Debug|Any CPU
		{E7B794FE-63B5-4DCD-AED3-C22632F1E9F0}.Release|Any CPU.ActiveCfg = Release|Any CPU
		{E7B794FE-63B5-4DCD-AED3-C22632F1E9F0}.Release|Any CPU.Build.0 = Release|Any CPU
	EndGlobalSection
	GlobalSection(SolutionProperties) = preSolution
		HideSolutionNode = FALSE
	EndGlobalSection
	GlobalSection(ExtensibilityGlobals) = postSolution
		SolutionGuid = {5EA0E635-5A58-411D-A510-EB4FB1589743}
	EndGlobalSection
EndGlobal
